
Microsoft Visual Studio Solution File, Format Version 12.00
# Visual Studio 15
VisualStudioVersion = 15.0.27004.2006
MinimumVisualStudioVersion = 10.0.40219.1
Project("{FAE04EC0-301F-11D3-BF4B-00C04F79EFBC}") = "SalesApp.Android", "SalesApp\SalesApp.Android\SalesApp.Android.csproj", "{C14AE4D7-F4A4-42AC-BE05-DC85A3123CED}"
EndProject
Project("{FAE04EC0-301F-11D3-BF4B-00C04F79EFBC}") = "SalesApp", "SalesApp\SalesApp\SalesApp.csproj", "{D1F61B9B-BFEE-4CB3-92D0-3AC3BBC81B1C}"
EndProject
Project("{FAE04EC0-301F-11D3-BF4B-00C04F79EFBC}") = "SalesApp.iOS", "SalesApp\SalesApp.iOS\SalesApp.iOS.csproj", "{7024A53B-DA5C-416B-8663-FE6BE6FCD1CE}"
EndProject
Global
	GlobalSection(SolutionConfigurationPlatforms) = preSolution
		Ad-Hoc|Any CPU = Ad-Hoc|Any CPU
		Ad-Hoc|iPhone = Ad-Hoc|iPhone
		Ad-Hoc|iPhoneSimulator = Ad-Hoc|iPhoneSimulator
		AppStore|Any CPU = AppStore|Any CPU
		AppStore|iPhone = AppStore|iPhone
		AppStore|iPhoneSimulator = AppStore|iPhoneSimulator
		Debug|Any CPU = Debug|Any CPU
		Debug|iPhone = Debug|iPhone
		Debug|iPhoneSimulator = Debug|iPhoneSimulator
		Release|Any CPU = Release|Any CPU
		Release|iPhone = Release|iPhone
		Release|iPhoneSimulator = Release|iPhoneSimulator
	EndGlobalSection
	GlobalSection(ProjectConfigurationPlatforms) = postSolution
		{C14AE4D7-F4A4-42AC-BE05-DC85A3123CED}.Ad-Hoc|Any CPU.ActiveCfg = Release|Any CPU
		{C14AE4D7-F4A4-42AC-BE05-DC85A3123CED}.Ad-Hoc|Any CPU.Build.0 = Release|Any CPU
		{C14AE4D7-F4A4-42AC-BE05-DC85A3123CED}.Ad-Hoc|Any CPU.Deploy.0 = Release|Any CPU
		{C14AE4D7-F4A4-42AC-BE05-DC85A3123CED}.Ad-Hoc|iPhone.ActiveCfg = Release|Any CPU
		{C14AE4D7-F4A4-42AC-BE05-DC85A3123CED}.Ad-Hoc|iPhone.Build.0 = Release|Any CPU
		{C14AE4D7-F4A4-42AC-BE05-DC85A3123CED}.Ad-Hoc|iPhone.Deploy.0 = Release|Any CPU
		{C14AE4D7-F4A4-42AC-BE05-DC85A3123CED}.Ad-Hoc|iPhoneSimulator.ActiveCfg = Release|Any CPU
		{C14AE4D7-F4A4-42AC-BE05-DC85A3123CED}.Ad-Hoc|iPhoneSimulator.Build.0 = Release|Any CPU
		{C14AE4D7-F4A4-42AC-BE05-DC85A3123CED}.Ad-Hoc|iPhoneSimulator.Deploy.0 = Release|Any CPU
		{C14AE4D7-F4A4-42AC-BE05-DC85A3123CED}.AppStore|Any CPU.ActiveCfg = Release|Any CPU
		{C14AE4D7-F4A4-42AC-BE05-DC85A3123CED}.AppStore|Any CPU.Build.0 = Release|Any CPU
		{C14AE4D7-F4A4-42AC-BE05-DC85A3123CED}.AppStore|Any CPU.Deploy.0 = Release|Any CPU
		{C14AE4D7-F4A4-42AC-BE05-DC85A3123CED}.AppStore|iPhone.ActiveCfg = Release|Any CPU
		{C14AE4D7-F4A4-42AC-BE05-DC85A3123CED}.AppStore|iPhone.Build.0 = Release|Any CPU
		{C14AE4D7-F4A4-42AC-BE05-DC85A3123CED}.AppStore|iPhone.Deploy.0 = Release|Any CPU
		{C14AE4D7-F4A4-42AC-BE05-DC85A3123CED}.AppStore|iPhoneSimulator.ActiveCfg = Release|Any CPU
		{C14AE4D7-F4A4-42AC-BE05-DC85A3123CED}.AppStore|iPhoneSimulator.Build.0 = Release|Any CPU
		{C14AE4D7-F4A4-42AC-BE05-DC85A3123CED}.AppStore|iPhoneSimulator.Deploy.0 = Release|Any CPU
		{C14AE4D7-F4A4-42AC-BE05-DC85A3123CED}.Debug|Any CPU.ActiveCfg = Debug|Any CPU
		{C14AE4D7-F4A4-42AC-BE05-DC85A3123CED}.Debug|Any CPU.Build.0 = Debug|Any CPU
		{C14AE4D7-F4A4-42AC-BE05-DC85A3123CED}.Debug|Any CPU.Deploy.0 = Debug|Any CPU
		{C14AE4D7-F4A4-42AC-BE05-DC85A3123CED}.Debug|iPhone.ActiveCfg = Debug|Any CPU
		{C14AE4D7-F4A4-42AC-BE05-DC85A3123CED}.Debug|iPhone.Build.0 = Debug|Any CPU
		{C14AE4D7-F4A4-42AC-BE05-DC85A3123CED}.Debug|iPhone.Deploy.0 = Debug|Any CPU
		{C14AE4D7-F4A4-42AC-BE05-DC85A3123CED}.Debug|iPhoneSimulator.ActiveCfg = Debug|Any CPU
		{C14AE4D7-F4A4-42AC-BE05-DC85A3123CED}.Debug|iPhoneSimulator.Build.0 = Debug|Any CPU
		{C14AE4D7-F4A4-42AC-BE05-DC85A3123CED}.Debug|iPhoneSimulator.Deploy.0 = Debug|Any CPU
		{C14AE4D7-F4A4-42AC-BE05-DC85A3123CED}.Release|Any CPU.ActiveCfg = Release|Any CPU
		{C14AE4D7-F4A4-42AC-BE05-DC85A3123CED}.Release|Any CPU.Build.0 = Release|Any CPU
		{C14AE4D7-F4A4-42AC-BE05-DC85A3123CED}.Release|Any CPU.Deploy.0 = Release|Any CPU
		{C14AE4D7-F4A4-42AC-BE05-DC85A3123CED}.Release|iPhone.ActiveCfg = Release|Any CPU
		{C14AE4D7-F4A4-42AC-BE05-DC85A3123CED}.Release|iPhone.Build.0 = Release|Any CPU
		{C14AE4D7-F4A4-42AC-BE05-DC85A3123CED}.Release|iPhone.Deploy.0 = Release|Any CPU
		{C14AE4D7-F4A4-42AC-BE05-DC85A3123CED}.Release|iPhoneSimulator.ActiveCfg = Release|Any CPU
		{C14AE4D7-F4A4-42AC-BE05-DC85A3123CED}.Release|iPhoneSimulator.Build.0 = Release|Any CPU
		{C14AE4D7-F4A4-42AC-BE05-DC85A3123CED}.Release|iPhoneSimulator.Deploy.0 = Release|Any CPU
		{D1F61B9B-BFEE-4CB3-92D0-3AC3BBC81B1C}.Ad-Hoc|Any CPU.ActiveCfg = Release|Any CPU
		{D1F61B9B-BFEE-4CB3-92D0-3AC3BBC81B1C}.Ad-Hoc|Any CPU.Build.0 = Release|Any CPU
		{D1F61B9B-BFEE-4CB3-92D0-3AC3BBC81B1C}.Ad-Hoc|iPhone.ActiveCfg = Release|Any CPU
		{D1F61B9B-BFEE-4CB3-92D0-3AC3BBC81B1C}.Ad-Hoc|iPhone.Build.0 = Release|Any CPU
		{D1F61B9B-BFEE-4CB3-92D0-3AC3BBC81B1C}.Ad-Hoc|iPhoneSimulator.ActiveCfg = Release|Any CPU
		{D1F61B9B-BFEE-4CB3-92D0-3AC3BBC81B1C}.Ad-Hoc|iPhoneSimulator.Build.0 = Release|Any CPU
		{D1F61B9B-BFEE-4CB3-92D0-3AC3BBC81B1C}.AppStore|Any CPU.ActiveCfg = Release|Any CPU
		{D1F61B9B-BFEE-4CB3-92D0-3AC3BBC81B1C}.AppStore|Any CPU.Build.0 = Release|Any CPU
		{D1F61B9B-BFEE-4CB3-92D0-3AC3BBC81B1C}.AppStore|iPhone.ActiveCfg = Release|Any CPU
		{D1F61B9B-BFEE-4CB3-92D0-3AC3BBC81B1C}.AppStore|iPhone.Build.0 = Release|Any CPU
		{D1F61B9B-BFEE-4CB3-92D0-3AC3BBC81B1C}.AppStore|iPhoneSimulator.ActiveCfg = Release|Any CPU
		{D1F61B9B-BFEE-4CB3-92D0-3AC3BBC81B1C}.AppStore|iPhoneSimulator.Build.0 = Release|Any CPU
		{D1F61B9B-BFEE-4CB3-92D0-3AC3BBC81B1C}.Debug|Any CPU.ActiveCfg = Debug|Any CPU
		{D1F61B9B-BFEE-4CB3-92D0-3AC3BBC81B1C}.Debug|Any CPU.Build.0 = Debug|Any CPU
		{D1F61B9B-BFEE-4CB3-92D0-3AC3BBC81B1C}.Debug|iPhone.ActiveCfg = Debug|Any CPU
		{D1F61B9B-BFEE-4CB3-92D0-3AC3BBC81B1C}.Debug|iPhone.Build.0 = Debug|Any CPU
		{D1F61B9B-BFEE-4CB3-92D0-3AC3BBC81B1C}.Debug|iPhoneSimulator.ActiveCfg = Debug|Any CPU
		{D1F61B9B-BFEE-4CB3-92D0-3AC3BBC81B1C}.Debug|iPhoneSimulator.Build.0 = Debug|Any CPU
		{D1F61B9B-BFEE-4CB3-92D0-3AC3BBC81B1C}.Release|Any CPU.ActiveCfg = Release|Any CPU
		{D1F61B9B-BFEE-4CB3-92D0-3AC3BBC81B1C}.Release|Any CPU.Build.0 = Release|Any CPU
		{D1F61B9B-BFEE-4CB3-92D0-3AC3BBC81B1C}.Release|iPhone.ActiveCfg = Release|Any CPU
		{D1F61B9B-BFEE-4CB3-92D0-3AC3BBC81B1C}.Release|iPhone.Build.0 = Release|Any CPU
		{D1F61B9B-BFEE-4CB3-92D0-3AC3BBC81B1C}.Release|iPhoneSimulator.ActiveCfg = Release|Any CPU
		{D1F61B9B-BFEE-4CB3-92D0-3AC3BBC81B1C}.Release|iPhoneSimulator.Build.0 = Release|Any CPU
		{7024A53B-DA5C-416B-8663-FE6BE6FCD1CE}.Ad-Hoc|Any CPU.ActiveCfg = Ad-Hoc|iPhoneSimulator
		{7024A53B-DA5C-416B-8663-FE6BE6FCD1CE}.Ad-Hoc|iPhone.ActiveCfg = Ad-Hoc|iPhone
		{7024A53B-DA5C-416B-8663-FE6BE6FCD1CE}.Ad-Hoc|iPhone.Build.0 = Ad-Hoc|iPhone
		{7024A53B-DA5C-416B-8663-FE6BE6FCD1CE}.Ad-Hoc|iPhoneSimulator.ActiveCfg = Ad-Hoc|iPhoneSimulator
		{7024A53B-DA5C-416B-8663-FE6BE6FCD1CE}.Ad-Hoc|iPhoneSimulator.Build.0 = Ad-Hoc|iPhoneSimulator
		{7024A53B-DA5C-416B-8663-FE6BE6FCD1CE}.AppStore|Any CPU.ActiveCfg = AppStore|iPhoneSimulator
		{7024A53B-DA5C-416B-8663-FE6BE6FCD1CE}.AppStore|iPhone.ActiveCfg = AppStore|iPhone
		{7024A53B-DA5C-416B-8663-FE6BE6FCD1CE}.AppStore|iPhone.Build.0 = AppStore|iPhone
		{7024A53B-DA5C-416B-8663-FE6BE6FCD1CE}.AppStore|iPhoneSimulator.ActiveCfg = AppStore|iPhoneSimulator
		{7024A53B-DA5C-416B-8663-FE6BE6FCD1CE}.AppStore|iPhoneSimulator.Build.0 = AppStore|iPhoneSimulator
		{7024A53B-DA5C-416B-8663-FE6BE6FCD1CE}.Debug|Any CPU.ActiveCfg = Debug|iPhoneSimulator
		{7024A53B-DA5C-416B-8663-FE6BE6FCD1CE}.Debug|iPhone.ActiveCfg = Debug|iPhone
		{7024A53B-DA5C-416B-8663-FE6BE6FCD1CE}.Debug|iPhone.Build.0 = Debug|iPhone
		{7024A53B-DA5C-416B-8663-FE6BE6FCD1CE}.Debug|iPhoneSimulator.ActiveCfg = Debug|iPhoneSimulator
		{7024A53B-DA5C-416B-8663-FE6BE6FCD1CE}.Debug|iPhoneSimulator.Build.0 = Debug|iPhoneSimulator
		{7024A53B-DA5C-416B-8663-FE6BE6FCD1CE}.Release|Any CPU.ActiveCfg = Release|iPhoneSimulator
		{7024A53B-DA5C-416B-8663-FE6BE6FCD1CE}.Release|iPhone.ActiveCfg = Release|iPhone
		{7024A53B-DA5C-416B-8663-FE6BE6FCD1CE}.Release|iPhone.Build.0 = Release|iPhone
		{7024A53B-DA5C-416B-8663-FE6BE6FCD1CE}.Release|iPhoneSimulator.ActiveCfg = Release|iPhoneSimulator
		{7024A53B-DA5C-416B-8663-FE6BE6FCD1CE}.Release|iPhoneSimulator.Build.0 = Release|iPhoneSimulator
		{7024A53B-DA5C-416B-8663-FE6BE6FCD1CE}.Debug|Any CPU.Build.0 = Debug|iPhoneSimulator
	EndGlobalSection
	GlobalSection(SolutionProperties) = preSolution
		HideSolutionNode = FALSE
	EndGlobalSection
	GlobalSection(ExtensibilityGlobals) = postSolution
		SolutionGuid = {9D2DFA2F-8539-4DB0-92FC-86F6B3D13343}
	EndGlobalSection
EndGlobal
