
Microsoft Visual Studio Solution File, Format Version 12.00
# Visual Studio 2012
Project("{FAE04EC0-301F-11D3-BF4B-00C04F79EFBC}") = "SalesApp.iOS", "SalesApp.iOS.csproj", "{7024A53B-DA5C-416B-8663-FE6BE6FCD1CE}"
EndProject
Global
	GlobalSection(SolutionConfigurationPlatforms) = preSolution
		Debug|iPhoneSimulator = Debug|iPhoneSimulator
		Release|iPhoneSimulator = Release|iPhoneSimulator
		Debug|iPhone = Debug|iPhone
		Release|iPhone = Release|iPhone
		Ad-Hoc|iPhone = Ad-Hoc|iPhone
		AppStore|iPhone = AppStore|iPhone
	EndGlobalSection
	GlobalSection(ProjectConfigurationPlatforms) = postSolution
		{7024A53B-DA5C-416B-8663-FE6BE6FCD1CE}.Debug|iPhoneSimulator.ActiveCfg = Debug|iPhoneSimulator
		{7024A53B-DA5C-416B-8663-FE6BE6FCD1CE}.Debug|iPhoneSimulator.Build.0 = Debug|iPhoneSimulator
		{7024A53B-DA5C-416B-8663-FE6BE6FCD1CE}.Release|iPhoneSimulator.ActiveCfg = Release|iPhoneSimulator
		{7024A53B-DA5C-416B-8663-FE6BE6FCD1CE}.Release|iPhoneSimulator.Build.0 = Release|iPhoneSimulator
		{7024A53B-DA5C-416B-8663-FE6BE6FCD1CE}.Debug|iPhone.ActiveCfg = Debug|iPhone
		{7024A53B-DA5C-416B-8663-FE6BE6FCD1CE}.Debug|iPhone.Build.0 = Debug|iPhone
		{7024A53B-DA5C-416B-8663-FE6BE6FCD1CE}.Release|iPhone.ActiveCfg = Release|iPhone
		{7024A53B-DA5C-416B-8663-FE6BE6FCD1CE}.Release|iPhone.Build.0 = Release|iPhone
		{7024A53B-DA5C-416B-8663-FE6BE6FCD1CE}.Ad-Hoc|iPhone.ActiveCfg = Ad-Hoc|iPhone
		{7024A53B-DA5C-416B-8663-FE6BE6FCD1CE}.Ad-Hoc|iPhone.Build.0 = Ad-Hoc|iPhone
		{7024A53B-DA5C-416B-8663-FE6BE6FCD1CE}.AppStore|iPhone.ActiveCfg = AppStore|iPhone
		{7024A53B-DA5C-416B-8663-FE6BE6FCD1CE}.AppStore|iPhone.Build.0 = AppStore|iPhone
	EndGlobalSection
EndGlobal
